
Microsoft Visual Studio Solution File, Format Version 12.00
# Visual Studio Version 17
VisualStudioVersion = 17.11.35327.3
MinimumVisualStudioVersion = 10.0.40219.1
Project("{FAE04EC0-301F-11D3-BF4B-00C04F79EFBC}") = "naplo", "naplo\naplo.csproj", "{DDB94A6F-EDEC-41E3-BB49-711826C0F62C}"
EndProject
Global
	GlobalSection(SolutionConfigurationPlatforms) = preSolution
		Debug|Any CPU = Debug|Any CPU
		Release|Any CPU = Release|Any CPU
	EndGlobalSection
	GlobalSection(ProjectConfigurationPlatforms) = postSolution
		{DDB94A6F-EDEC-41E3-BB49-711826C0F62C}.Debug|Any CPU.ActiveCfg = Debug|Any CPU
		{DDB94A6F-EDEC-41E3-BB49-711826C0F62C}.Debug|Any CPU.Build.0 = Debug|Any CPU
		{DDB94A6F-EDEC-41E3-BB49-711826C0F62C}.Release|Any CPU.ActiveCfg = Release|Any CPU
		{DDB94A6F-EDEC-41E3-BB49-711826C0F62C}.Release|Any CPU.Build.0 = Release|Any CPU
	EndGlobalSection
	GlobalSection(SolutionProperties) = preSolution
		HideSolutionNode = FALSE
	EndGlobalSection
	GlobalSection(ExtensibilityGlobals) = postSolution
		SolutionGuid = {4902CCE3-1B9B-45C2-B4DD-4F30EB7AE258}
	EndGlobalSection
EndGlobal
